PODS:
  - FBRetainCycleDetector (0.1.4)
  - MLeaksFinder (1.0.0):
    - FBRetainCycleDetector
  - Stripe (14.0.0)

DEPENDENCIES:
  - MLeaksFinder
  - Stripe (= 14.0.0)

SPEC REPOS:
  https://github.com/cocoapods/specs.git:
    - FBRetainCycleDetector
    - MLeaksFinder
    - Stripe

SPEC CHECKSUMS:
  FBRetainCycleDetector: 46f8179bbb1c587deee3ea838a1a3ee02acf5015
  MLeaksFinder: 8c435bd2f6d070af18cff082b503b21adc130fc0
  Stripe: db29ad197c74aca6fb981e4e8355cf7ebd0fca5a

PODFILE CHECKSUM: a4345c453777464c279ecbd0758d0288ffd98f39

COCOAPODS: 1.5.3
